
Microsoft Visual Studio Solution File, Format Version 12.00
# Visual Studio Version 16
VisualStudioVersion = 16.0.32901.82
MinimumVisualStudioVersion = 10.0.40219.1
Project("{FAE04EC0-301F-11D3-BF4B-00C04F79EFBC}") = "banka uygulaması v2", "banka uygulaması v2\banka uygulaması v2.csproj", "{C4C97249-EFF8-41AF-AF2E-4F0FD06BF972}"
EndProject
Global
	GlobalSection(SolutionConfigurationPlatforms) = preSolution
		Debug|Any CPU = Debug|Any CPU
		Release|Any CPU = Release|Any CPU
	EndGlobalSection
	GlobalSection(ProjectConfigurationPlatforms) = postSolution
		{C4C97249-EFF8-41AF-AF2E-4F0FD06BF972}.Debug|Any CPU.ActiveCfg = Debug|Any CPU
		{C4C97249-EFF8-41AF-AF2E-4F0FD06BF972}.Debug|Any CPU.Build.0 = Debug|Any CPU
		{C4C97249-EFF8-41AF-AF2E-4F0FD06BF972}.Release|Any CPU.ActiveCfg = Release|Any CPU
		{C4C97249-EFF8-41AF-AF2E-4F0FD06BF972}.Release|Any CPU.Build.0 = Release|Any CPU
	EndGlobalSection
	GlobalSection(SolutionProperties) = preSolution
		HideSolutionNode = FALSE
	EndGlobalSection
	GlobalSection(ExtensibilityGlobals) = postSolution
		SolutionGuid = {B71338F0-5504-4003-A421-909DD2828195}
	EndGlobalSection
EndGlobal
